{
    "requires": true,
    "lockfileVersion": 1,
    "dependencies": {
        "@types/express-serve-static-core": {
            "version": "4.17.28",
            "resolved": "https://registry.npmjs.org/@types/express-serve-static-core/-/express-serve-static-core-4.17.28.tgz",
            "integrity": "sha512-P1BJAEAW3E2DJUlkgq4tOL3RyMunoWXqbSCygWo5ZIWTjUgN1YnaXWW4VWl/oc8vs/XoYibEGBKP0uZyF4AHig==",
            "requires": {
                "@types/node": "*",
                "@types/qs": "*",
                "@types/range-parser": "*"
            }
        },
        "@types/node": {
            "version": "14.18.36",
            "resolved": "https://registry.npmjs.org/@types/node/-/node-14.18.36.tgz",
            "integrity": "sha512-FXKWbsJ6a1hIrRxv+FoukuHnGTgEzKYGi7kilfMae96AL9UNkPFNWJEEYWzdRI9ooIkbr4AKldyuSTLql06vLQ=="
        },
        "@types/qs": {
            "version": "6.9.7",
            "resolved": "https://registry.npmjs.org/@types/qs/-/qs-6.9.7.tgz",
            "integrity": "sha512-FGa1F62FT09qcrueBA6qYTrJPVDzah9a+493+o2PCXsesWHIn27G98TsSMs3WPNbZIEj4+VJf6saSFpvD+3Zsw=="
        },
        "@types/range-parser": {
            "version": "1.2.4",
            "resolved": "https://registry.npmjs.org/@types/range-parser/-/range-parser-1.2.4.tgz",
            "integrity": "sha512-EEhsLsD6UsDM1yFhAvy0Cjr6VwmpMWqFBCb9w07wVugF7w9nfajxLuVmngTIpgS6svCnm6Vaw+MZhoDCKnOfsw=="
        },
        "laravel-echo": {
            "version": "1.15.0",
            "resolved": "https://registry.npmjs.org/laravel-echo/-/laravel-echo-1.15.0.tgz",
            "integrity": "sha512-q5YaEw2NFu9xra6sYUfh/FX2YotN5iY1nMeKz90J3W3Vpa+5WjK3/DYeEzkTfBZz8Oq1Dv9vWNE4IUvt7kxYIg=="
        },
        "pusher-js": {
            "version": "8.0.1",
            "resolved": "https://registry.npmjs.org/pusher-js/-/pusher-js-8.0.1.tgz",
            "integrity": "sha512-DbhfDfghqCF94gb+TFHZAgauXFT7k6onWXcd3Q4vnk/C2f5bC7/qKV14rvdoAAB8FCIBb11ZL0YX7N/oQPVxXA==",
            "requires": {
                "@types/express-serve-static-core": "4.17.28",
                "@types/node": "^14.14.31",
                "tweetnacl": "^1.0.3"
            }
        },
        "sweetalert2": {
            "version": "11.6.14",
            "resolved": "https://registry.npmjs.org/sweetalert2/-/sweetalert2-11.6.14.tgz",
            "integrity": "sha512-W8+vtsucIJg5BrFhHcqguNZMzmHGvVZVAYHaMGQ9dzrleOMZcHCGmnB46L9qUNdx5snr1GpMUVFjNuki7EBbuQ=="
        },
        "toastify-js": {
            "version": "1.12.0",
            "resolved": "https://registry.npmjs.org/toastify-js/-/toastify-js-1.12.0.tgz",
            "integrity": "sha512-HeMHCO9yLPvP9k0apGSdPUWrUbLnxUKNFzgUoZp1PHCLploIX/4DSQ7V8H25ef+h4iO9n0he7ImfcndnN6nDrQ=="
        },
        "tweetnacl": {
            "version": "1.0.3",
            "resolved": "https://registry.npmjs.org/tweetnacl/-/tweetnacl-1.0.3.tgz",
            "integrity": "sha512-6rt+RN7aOi1nGMyC4Xa5DdYiukl2UWCbcJft7YhxReBGQD7OAM8Pbxw6YMo4r2diNEA8FEmu32YOn9rhaiE5yw=="
        }
    }
}
